
Microsoft Visual Studio Solution File, Format Version 12.00
# Visual Studio Version 17
VisualStudioVersion = 17.10.34916.146
MinimumVisualStudioVersion = 10.0.40219.1
Project("{9A19103F-16F7-4668-BE54-9A1E7A4F7556}") = "GestionDeIniciativas", "GestionDeIniciativas\GestionDeIniciativas.csproj", "{59AB89AF-F79D-4C31-861F-45E887D8D985}"
EndProject
Global
	GlobalSection(SolutionConfigurationPlatforms) = preSolution
		Debug|Any CPU = Debug|Any CPU
		Release|Any CPU = Release|Any CPU
	EndGlobalSection
	GlobalSection(ProjectConfigurationPlatforms) = postSolution
		{59AB89AF-F79D-4C31-861F-45E887D8D985}.Debug|Any CPU.ActiveCfg = Debug|Any CPU
		{59AB89AF-F79D-4C31-861F-45E887D8D985}.Debug|Any CPU.Build.0 = Debug|Any CPU
		{59AB89AF-F79D-4C31-861F-45E887D8D985}.Release|Any CPU.ActiveCfg = Release|Any CPU
		{59AB89AF-F79D-4C31-861F-45E887D8D985}.Release|Any CPU.Build.0 = Release|Any CPU
	EndGlobalSection
	GlobalSection(SolutionProperties) = preSolution
		HideSolutionNode = FALSE
	EndGlobalSection
	GlobalSection(ExtensibilityGlobals) = postSolution
		SolutionGuid = {49C21E10-3DD2-4D37-B32E-FFDB079937EA}
	EndGlobalSection
EndGlobal
